
Microsoft Visual Studio Solution File, Format Version 12.00
# Visual Studio Version 16
VisualStudioVersion = 16.0.31911.196
MinimumVisualStudioVersion = 10.0.40219.1
Project("{2150E333-8FDC-42A3-9474-1A3956D46DE8}") = "src", "src", "{0210579B-6F03-4895-9353-13EE0F51FCF3}"
EndProject
Project("{2150E333-8FDC-42A3-9474-1A3956D46DE8}") = "SolutionItems", "SolutionItems", "{BFE95887-5D20-42F2-A585-A43241D746A8}"
	ProjectSection(SolutionItems) = preProject
		deploy.bat = deploy.bat
		README.md = README.md
		rougamo-otel.png = rougamo-otel.png
	EndProjectSection
EndProject
Project("{9A19103F-16F7-4668-BE54-9A1E7A4F7556}") = "Rougamo.OpenTelemetry", "src\Rougamo.OpenTelemetry\Rougamo.OpenTelemetry.csproj", "{4C76A98A-5B1D-4C99-982D-1AE80040016E}"
EndProject
Project("{2150E333-8FDC-42A3-9474-1A3956D46DE8}") = "test", "test", "{019A4852-0CA5-46CD-842E-68D4B084A5AE}"
EndProject
Project("{9A19103F-16F7-4668-BE54-9A1E7A4F7556}") = "Rougamo.OpenTelemetryTest", "test\Rougamo.OpenTelemetryTest\Rougamo.OpenTelemetryTest.csproj", "{049EC52E-BD8A-4505-80E7-8AD7051E305F}"
EndProject
Global
	GlobalSection(SolutionConfigurationPlatforms) = preSolution
		Debug|Any CPU = Debug|Any CPU
		Debug|x64 = Debug|x64
		Debug|x86 = Debug|x86
		Release|Any CPU = Release|Any CPU
		Release|x64 = Release|x64
		Release|x86 = Release|x86
	EndGlobalSection
	GlobalSection(ProjectConfigurationPlatforms) = postSolution
		{4C76A98A-5B1D-4C99-982D-1AE80040016E}.Debug|Any CPU.ActiveCfg = Debug|Any CPU
		{4C76A98A-5B1D-4C99-982D-1AE80040016E}.Debug|Any CPU.Build.0 = Debug|Any CPU
		{4C76A98A-5B1D-4C99-982D-1AE80040016E}.Debug|x64.ActiveCfg = Debug|Any CPU
		{4C76A98A-5B1D-4C99-982D-1AE80040016E}.Debug|x64.Build.0 = Debug|Any CPU
		{4C76A98A-5B1D-4C99-982D-1AE80040016E}.Debug|x86.ActiveCfg = Debug|Any CPU
		{4C76A98A-5B1D-4C99-982D-1AE80040016E}.Debug|x86.Build.0 = Debug|Any CPU
		{4C76A98A-5B1D-4C99-982D-1AE80040016E}.Release|Any CPU.ActiveCfg = Release|Any CPU
		{4C76A98A-5B1D-4C99-982D-1AE80040016E}.Release|Any CPU.Build.0 = Release|Any CPU
		{4C76A98A-5B1D-4C99-982D-1AE80040016E}.Release|x64.ActiveCfg = Release|Any CPU
		{4C76A98A-5B1D-4C99-982D-1AE80040016E}.Release|x64.Build.0 = Release|Any CPU
		{4C76A98A-5B1D-4C99-982D-1AE80040016E}.Release|x86.ActiveCfg = Release|Any CPU
		{4C76A98A-5B1D-4C99-982D-1AE80040016E}.Release|x86.Build.0 = Release|Any CPU
		{049EC52E-BD8A-4505-80E7-8AD7051E305F}.Debug|Any CPU.ActiveCfg = Debug|Any CPU
		{049EC52E-BD8A-4505-80E7-8AD7051E305F}.Debug|Any CPU.Build.0 = Debug|Any CPU
		{049EC52E-BD8A-4505-80E7-8AD7051E305F}.Debug|x64.ActiveCfg = Debug|Any CPU
		{049EC52E-BD8A-4505-80E7-8AD7051E305F}.Debug|x64.Build.0 = Debug|Any CPU
		{049EC52E-BD8A-4505-80E7-8AD7051E305F}.Debug|x86.ActiveCfg = Debug|Any CPU
		{049EC52E-BD8A-4505-80E7-8AD7051E305F}.Debug|x86.Build.0 = Debug|Any CPU
		{049EC52E-BD8A-4505-80E7-8AD7051E305F}.Release|Any CPU.ActiveCfg = Release|Any CPU
		{049EC52E-BD8A-4505-80E7-8AD7051E305F}.Release|Any CPU.Build.0 = Release|Any CPU
		{049EC52E-BD8A-4505-80E7-8AD7051E305F}.Release|x64.ActiveCfg = Release|Any CPU
		{049EC52E-BD8A-4505-80E7-8AD7051E305F}.Release|x64.Build.0 = Release|Any CPU
		{049EC52E-BD8A-4505-80E7-8AD7051E305F}.Release|x86.ActiveCfg = Release|Any CPU
		{049EC52E-BD8A-4505-80E7-8AD7051E305F}.Release|x86.Build.0 = Release|Any CPU
	EndGlobalSection
	GlobalSection(SolutionProperties) = preSolution
		HideSolutionNode = FALSE
	EndGlobalSection
	GlobalSection(NestedProjects) = preSolution
		{4C76A98A-5B1D-4C99-982D-1AE80040016E} = {0210579B-6F03-4895-9353-13EE0F51FCF3}
		{049EC52E-BD8A-4505-80E7-8AD7051E305F} = {019A4852-0CA5-46CD-842E-68D4B084A5AE}
	EndGlobalSection
	GlobalSection(ExtensibilityGlobals) = postSolution
		SolutionGuid = {A68E3AEE-84BF-420D-84B0-9155CFABB28C}
	EndGlobalSection
EndGlobal
